{
  "name": "@persistajs/react",
  "version": "1.0.0",
  "lockfileVersion": 3,
  "requires": true,
  "packages": {
    "": {
      "name": "@persistajs/react",
      "version": "1.0.0",
      "license": "ISC",
      "dependencies": {
        "@persistajs/core": "^1.0.0"
      }
    },
    "node_modules/@persistajs/core": {
      "version": "1.0.0",
      "resolved": "https://registry.npmjs.org/@persistajs/core/-/core-1.0.0.tgz",
      "integrity": "sha512-8VBRe2bNa6MQM7ODbxQpjroV2NrfnSJ7mJI0c8PkYOpbbPKKIScpLKGKhg7XLRi0qZS2Ga7dC/+0zCwYAS5r8w=="
    }
  }
}
